
Microsoft Visual Studio Solution File, Format Version 12.00
# Visual Studio Version 17
VisualStudioVersion = 17.7.34024.191
MinimumVisualStudioVersion = 10.0.40219.1
Project("{FAE04EC0-301F-11D3-BF4B-00C04F79EFBC}") = "2.Задание", "2.Задание\2.Задание.csproj", "{84847F4E-8AB8-484D-9D28-0B91307A12CE}"
EndProject
Global
	GlobalSection(SolutionConfigurationPlatforms) = preSolution
		Debug|Any CPU = Debug|Any CPU
		Release|Any CPU = Release|Any CPU
	EndGlobalSection
	GlobalSection(ProjectConfigurationPlatforms) = postSolution
		{84847F4E-8AB8-484D-9D28-0B91307A12CE}.Debug|Any CPU.ActiveCfg = Debug|Any CPU
		{84847F4E-8AB8-484D-9D28-0B91307A12CE}.Debug|Any CPU.Build.0 = Debug|Any CPU
		{84847F4E-8AB8-484D-9D28-0B91307A12CE}.Release|Any CPU.ActiveCfg = Release|Any CPU
		{84847F4E-8AB8-484D-9D28-0B91307A12CE}.Release|Any CPU.Build.0 = Release|Any CPU
	EndGlobalSection
	GlobalSection(SolutionProperties) = preSolution
		HideSolutionNode = FALSE
	EndGlobalSection
	GlobalSection(ExtensibilityGlobals) = postSolution
		SolutionGuid = {B252994E-63FD-4C7B-AF81-DBD5E3CC3338}
	EndGlobalSection
EndGlobal
